
Microsoft Visual Studio Solution File, Format Version 12.00
# Visual Studio Version 17
VisualStudioVersion = 17.4.33110.190
MinimumVisualStudioVersion = 10.0.40219.1
Project("{FAE04EC0-301F-11D3-BF4B-00C04F79EFBC}") = "WebMaster", "WebMaster\WebMaster.csproj", "{9E597127-87F9-4E49-9A16-F2915E7AFBC7}"
EndProject
Global
	GlobalSection(SolutionConfigurationPlatforms) = preSolution
		Debug|Any CPU = Debug|Any CPU
		Release|Any CPU = Release|Any CPU
	EndGlobalSection
	GlobalSection(ProjectConfigurationPlatforms) = postSolution
		{9E597127-87F9-4E49-9A16-F2915E7AFBC7}.Debug|Any CPU.ActiveCfg = Debug|Any CPU
		{9E597127-87F9-4E49-9A16-F2915E7AFBC7}.Debug|Any CPU.Build.0 = Debug|Any CPU
		{9E597127-87F9-4E49-9A16-F2915E7AFBC7}.Release|Any CPU.ActiveCfg = Release|Any CPU
		{9E597127-87F9-4E49-9A16-F2915E7AFBC7}.Release|Any CPU.Build.0 = Release|Any CPU
	EndGlobalSection
	GlobalSection(SolutionProperties) = preSolution
		HideSolutionNode = FALSE
	EndGlobalSection
	GlobalSection(ExtensibilityGlobals) = postSolution
		SolutionGuid = {47A0DCB3-278C-4EA4-A0A2-773AEC174D76}
	EndGlobalSection
EndGlobal
